{
    "_readme": [
        "This file locks the dependencies of your project to a known state",
        "Read more about it at https://getcomposer.org/doc/01-basic-usage.md#composer-lock-the-lock-file",
        "This file is @generated automatically"
    ],
    "content-hash": "1bb8723c3238962aa5aef803fe21a09b",
    "packages": [
        {
            "name": "bfitech/zapcore",
            "version": "dev-master",
            "source": {
                "type": "git",
                "url": "git@bfinews.com:bfin/zapcore.git",
                "reference": "82b06d409df80f0c533a3e2e646a5475d40e5739"
            },
            "require": {
                "ext-curl": "*",
                "php": ">=5.4.0"
            },
            "type": "library",
            "autoload": {
                "psr-4": {
                    "BFITech\\ZapCore\\": ""
                }
            },
            "autoload-dev": {
                "psr-4": {
                    "BFITech\\ZapCoreDev\\": ""
                }
            },
            "license": [
                "MIT"
            ],
            "authors": [
                {
                    "name": "Rendra Suroso",
                    "email": "rs@cogsci.bandungfe.net"
                }
            ],
            "description": "A very simple router and other utils.",
            "time": "2017-02-01 11:15:05"
        },
        {
            "name": "bfitech/zapmin",
            "version": "dev-master",
            "source": {
                "type": "git",
                "url": "git@bfinews.com:bfin/zapmin.git",
                "reference": "49a408b14b0c1452b24bb41a9dd5279a27291958"
            },
            "require": {
                "bfitech/zapcore": "dev-master",
                "bfitech/zapstore": "dev-master",
                "php": ">=5.4.0"
            },
            "require-dev": {
                "ext-curl": "*"
            },
            "type": "library",
            "autoload": {
                "psr-4": {
                    "BFITech\\ZapAdmin\\": ""
                }
            },
            "autoload-dev": {
                "psr-4": {
                    "BFITech\\ZapCoreDev\\": ""
                }
            },
            "license": [
                "MIT"
            ],
            "authors": [
                {
                    "name": "Rendra Suroso",
                    "email": "rs@cogsci.bandungfe.net"
                }
            ],
            "description": "A simple authentication manager.",
            "time": "2017-02-01 12:40:33"
        },
        {
            "name": "bfitech/zapstore",
            "version": "dev-master",
            "source": {
                "type": "git",
                "url": "git@bfinews.com:bfin/zapstore.git",
                "reference": "7ea7fd6891f2ff7093c630d5ae7e5e76ee9c91f6"
            },
            "require": {
                "php": ">=5.4.0"
            },
            "type": "library",
            "autoload": {
                "psr-4": {
                    "BFITech\\ZapStore\\": ""
                }
            },
            "license": [
                "MIT"
            ],
            "authors": [
                {
                    "name": "Rendra Suroso",
                    "email": "rs@cogsci.bandungfe.net"
                }
            ],
            "description": "A simple SQL connection wrapper.",
            "time": "2017-01-25 16:14:36"
        }
    ],
    "packages-dev": [],
    "aliases": [],
    "minimum-stability": "dev",
    "stability-flags": {
        "bfitech/zapmin": 20
    },
    "prefer-stable": false,
    "prefer-lowest": false,
    "platform": {
        "php": ">=5.4.0",
        "ext-curl": "*"
    },
    "platform-dev": []
}
