{
    "_readme": [
        "This file locks the dependencies of your project to a known state",
        "Read more about it at https://getcomposer.org/doc/01-basic-usage.md#composer-lock-the-lock-file",
        "This file is @generated automatically"
    ],
    "content-hash": "1bb8723c3238962aa5aef803fe21a09b",
    "packages": [
        {
            "name": "bfitech/zapcore",
            "version": "dev-master",
            "source": {
                "type": "git",
                "url": "git@bfinews.com:bfin/zapcore.git",
                "reference": "d0f7247d5253e47ccda1d9cc7ff0e190b96e38ee"
            },
            "require": {
                "ext-curl": "*",
                "php": ">=5.4.0"
            },
            "type": "library",
            "autoload": {
                "psr-4": {
                    "BFITech\\ZapCore\\": ""
                }
            },
            "autoload-dev": {
                "psr-4": {
                    "BFITech\\ZapCoreDev\\": ""
                }
            },
            "license": [
                "MIT"
            ],
            "authors": [
                {
                    "name": "Rendra Suroso",
                    "email": "rs@cogsci.bandungfe.net"
                }
            ],
            "description": "A very simple router and other utils.",
            "time": "2017-02-08 19:52:08"
        },
        {
            "name": "bfitech/zapmin",
            "version": "dev-master",
            "source": {
                "type": "git",
                "url": "git@bfinews.com:bfin/zapmin.git",
                "reference": "3c7e9b6f85b384aadaa9fc8525c31c1eba4e7685"
            },
            "require": {
                "bfitech/zapcore": "dev-master",
                "bfitech/zapstore": "dev-master",
                "php": ">=5.4.0"
            },
            "require-dev": {
                "ext-curl": "*"
            },
            "type": "library",
            "autoload": {
                "psr-4": {
                    "BFITech\\ZapAdmin\\": ""
                }
            },
            "autoload-dev": {
                "psr-4": {
                    "BFITech\\ZapCoreDev\\": ""
                }
            },
            "license": [
                "MIT"
            ],
            "authors": [
                {
                    "name": "Rendra Suroso",
                    "email": "rs@cogsci.bandungfe.net"
                }
            ],
            "description": "A simple authentication manager.",
            "time": "2017-02-25 12:37:13"
        },
        {
            "name": "bfitech/zapstore",
            "version": "dev-master",
            "source": {
                "type": "git",
                "url": "git@bfinews.com:bfin/zapstore.git",
                "reference": "da4ecbc52d25f8fde3fb5c7d90380dc74d1f4cfb"
            },
            "require": {
                "php": ">=5.4.0"
            },
            "type": "library",
            "autoload": {
                "psr-4": {
                    "BFITech\\ZapStore\\": ""
                }
            },
            "license": [
                "MIT"
            ],
            "authors": [
                {
                    "name": "Rendra Suroso",
                    "email": "rs@cogsci.bandungfe.net"
                }
            ],
            "description": "A simple SQL connection wrapper.",
            "time": "2017-02-25 18:56:03"
        }
    ],
    "packages-dev": [],
    "aliases": [],
    "minimum-stability": "dev",
    "stability-flags": {
        "bfitech/zapmin": 20
    },
    "prefer-stable": false,
    "prefer-lowest": false,
    "platform": {
        "php": ">=5.4.0",
        "ext-curl": "*"
    },
    "platform-dev": []
}
