{
    "_readme": [
        "This file locks the dependencies of your project to a known state",
        "Read more about it at https://getcomposer.org/doc/01-basic-usage.md#composer-lock-the-lock-file",
        "This file is @generated automatically"
    ],
    "content-hash": "bd2fe197d59319c86963a4b0d93ececc",
    "packages": [
        {
            "name": "bfitech/zapcore",
            "version": "1.0.0",
            "source": {
                "type": "git",
                "url": "git@bfinews.com:bfin/zapcore.git",
                "reference": "e700b816898ceb7cf6b0f23b2872c8a78d75c5f0"
            },
            "require": {
                "ext-curl": "*",
                "php": ">=5.4.0"
            },
            "type": "library",
            "autoload": {
                "psr-4": {
                    "BFITech\\ZapCore\\": "src"
                }
            },
            "autoload-dev": {
                "psr-4": {
                    "BFITech\\ZapCoreDev\\": "src"
                }
            },
            "license": [
                "MIT"
            ],
            "authors": [
                {
                    "name": "Rendra Suroso",
                    "email": "rs@cogsci.bandungfe.net"
                }
            ],
            "description": "A very simple router and other utils.",
            "time": "2017-03-07T18:22:05+00:00"
        },
        {
            "name": "bfitech/zapmin",
            "version": "1.0.0",
            "source": {
                "type": "git",
                "url": "git@bfinews.com:bfin/zapmin.git",
                "reference": "e58218eb81dba2996ede6749e4ac6c119b39d809"
            },
            "require": {
                "bfitech/zapcore": "1.0.*",
                "bfitech/zapstore": "1.0.*",
                "php": ">=5.4.0"
            },
            "require-dev": {
                "ext-curl": "*"
            },
            "type": "library",
            "autoload": {
                "psr-4": {
                    "BFITech\\ZapAdmin\\": "src"
                }
            },
            "autoload-dev": {
                "psr-4": {
                    "BFITech\\ZapCoreDev\\": ""
                }
            },
            "license": [
                "MIT"
            ],
            "authors": [
                {
                    "name": "Rendra Suroso",
                    "email": "rs@cogsci.bandungfe.net"
                }
            ],
            "description": "A simple authentication manager.",
            "time": "2017-03-07T19:15:46+00:00"
        },
        {
            "name": "bfitech/zapstore",
            "version": "1.0.0",
            "source": {
                "type": "git",
                "url": "git@bfinews.com:bfin/zapstore.git",
                "reference": "90c0c4b3cab56e636b3e17e4f3e0b8a5ad8a59e1"
            },
            "require": {
                "php": ">=5.4.0"
            },
            "type": "library",
            "autoload": {
                "psr-4": {
                    "BFITech\\ZapStore\\": "src"
                }
            },
            "license": [
                "MIT"
            ],
            "authors": [
                {
                    "name": "Rendra Suroso",
                    "email": "rs@cogsci.bandungfe.net"
                }
            ],
            "description": "A simple SQL connection wrapper.",
            "time": "2017-03-07T18:58:33+00:00"
        }
    ],
    "packages-dev": [],
    "aliases": [],
    "minimum-stability": "dev",
    "stability-flags": [],
    "prefer-stable": false,
    "prefer-lowest": false,
    "platform": [],
    "platform-dev": []
}
